
Microsoft Visual Studio Solution File, Format Version 12.00
# Visual Studio Version 16
VisualStudioVersion = 16.0.29709.97
MinimumVisualStudioVersion = 10.0.40219.1
Project("{FAE04EC0-301F-11D3-BF4B-00C04F79EFBC}") = "practica2", "practica2.csproj", "{EB3AF497-1AE7-4EA1-B543-7A1E9333F855}"
EndProject
Global
	GlobalSection(SolutionConfigurationPlatforms) = preSolution
		Debug|Any CPU = Debug|Any CPU
		Release|Any CPU = Release|Any CPU
	EndGlobalSection
	GlobalSection(ProjectConfigurationPlatforms) = postSolution
		{EB3AF497-1AE7-4EA1-B543-7A1E9333F855}.Debug|Any CPU.ActiveCfg = Debug|Any CPU
		{EB3AF497-1AE7-4EA1-B543-7A1E9333F855}.Debug|Any CPU.Build.0 = Debug|Any CPU
		{EB3AF497-1AE7-4EA1-B543-7A1E9333F855}.Release|Any CPU.ActiveCfg = Release|Any CPU
		{EB3AF497-1AE7-4EA1-B543-7A1E9333F855}.Release|Any CPU.Build.0 = Release|Any CPU
	EndGlobalSection
	GlobalSection(SolutionProperties) = preSolution
		HideSolutionNode = FALSE
	EndGlobalSection
	GlobalSection(ExtensibilityGlobals) = postSolution
		SolutionGuid = {B905811A-4583-4387-BF3F-BF4C063C2F71}
	EndGlobalSection
EndGlobal
